schema: '2.0'
stages:
  data_ingestion:
    cmd: python3 src/data_ingestion.py
    deps:
    - path: src/data_ingestion.py
      hash: md5
      md5: 105405156f81eb8fadd4362b8bc80173
      size: 3550
    params:
      params.yaml:
        data_ingestion.test_size: 0.1
    outs:
    - path: data/raw
      hash: md5
      md5: 8bf85f92b1860a8c4361696d1959b27d.dir
      size: 479272
      nfiles: 2
  data_preprocessing:
    cmd: python3 src/data_preprocessing.py
    deps:
    - path: data/raw
      hash: md5
      md5: 8bf85f92b1860a8c4361696d1959b27d.dir
      size: 479272
      nfiles: 2
    - path: src/data_preprocessing.py
      hash: md5
      md5: 610d9748a8bc49fcdca81d8449820ab5
      size: 3865
    outs:
    - path: data/interim
      hash: md5
      md5: 464a8f7a09bf971cbde1cf97bb78b0dd.dir
      size: 252381
      nfiles: 2
  feature_engineering:
    cmd: python3 src/feature_engineering.py
    deps:
    - path: data/interim
      hash: md5
      md5: 464a8f7a09bf971cbde1cf97bb78b0dd.dir
      size: 252381
      nfiles: 2
    - path: src/feature_engineering.py
      hash: md5
      md5: c9e638011138f4601530864bea4700ce
      size: 3801
    params:
      params.yaml:
        feature_engineering.max_features: 35
    outs:
    - path: data/processed
      hash: md5
      md5: 248025d5f5774430c323a99378ff204b.dir
      size: 824697
      nfiles: 2
  model_building:
    cmd: python3 src/model_building.py
    deps:
    - path: data/processed
      hash: md5
      md5: 248025d5f5774430c323a99378ff204b.dir
      size: 824697
      nfiles: 2
    - path: src/model_building.py
      hash: md5
      md5: dca5f548ed499fdb9b2ee8f3dd319715
      size: 4342
    params:
      params.yaml:
        model_building.n_estimators: 25
        model_building.random_state: 2
    outs:
    - path: models/model.pkl
      hash: md5
      md5: 8272281af9c65773f6d35f9a4828a524
      size: 882489
  model_evaluation:
    cmd: python3 src/model_evaluation.py
    deps:
    - path: models/model.pkl
      hash: md5
      md5: 8272281af9c65773f6d35f9a4828a524
      size: 882489
    - path: src/model_evaluation.py
      hash: md5
      md5: efb1de9838f57b0e50862992a47805df
      size: 4502
    outs:
    - path: reports/metrics.json
      hash: md5
      md5: 1f8e9c9b009e3ce4275a6909c7b46bbe
      size: 126
